{
  "name": "@open-domains/cli",
  "version": "0.1.0",
  "lockfileVersion": 3,
  "requires": true,
  "packages": {
    "": {
      "name": "@open-domains/cli",
      "version": "0.1.0",
      "license": "MIT",
      "bin": {
        "od": "bin/opendomains.js",
        "opendomains": "bin/opendomains.js"
      },
      "engines": {
        "node": ">=18.0.0"
      }
    }
  }
}
